
Microsoft Visual Studio Solution File, Format Version 12.00
# Visual Studio 14
VisualStudioVersion = 14.0.25420.1
MinimumVisualStudioVersion = 10.0.40219.1
Project("{FAE04EC0-301F-11D3-BF4B-00C04F79EFBC}") = "Biblioteca.Consola", "Biblioteca.Consola\Biblioteca.Consola.csproj", "{5E50A7C0-F760-4AA6-99DB-6E4884A7CC63}"
EndProject
Project("{FAE04EC0-301F-11D3-BF4B-00C04F79EFBC}") = "Biblioteca.Data", "Biblioteca.Data\Biblioteca.Data.csproj", "{1FC0C34A-A4EE-4ED4-BD0A-BD596A7B2BAF}"
EndProject
Project("{FAE04EC0-301F-11D3-BF4B-00C04F79EFBC}") = "Biblioteca.Host", "Biblioteca.Host\Biblioteca.Host.csproj", "{93E40206-65EA-456C-AE27-35A01A2A9F6C}"
EndProject
Global
	GlobalSection(SolutionConfigurationPlatforms) = preSolution
		Debug|Any CPU = Debug|Any CPU
		Release|Any CPU = Release|Any CPU
	EndGlobalSection
	GlobalSection(ProjectConfigurationPlatforms) = postSolution
		{5E50A7C0-F760-4AA6-99DB-6E4884A7CC63}.Debug|Any CPU.ActiveCfg = Debug|Any CPU
		{5E50A7C0-F760-4AA6-99DB-6E4884A7CC63}.Debug|Any CPU.Build.0 = Debug|Any CPU
		{5E50A7C0-F760-4AA6-99DB-6E4884A7CC63}.Release|Any CPU.ActiveCfg = Release|Any CPU
		{5E50A7C0-F760-4AA6-99DB-6E4884A7CC63}.Release|Any CPU.Build.0 = Release|Any CPU
		{1FC0C34A-A4EE-4ED4-BD0A-BD596A7B2BAF}.Debug|Any CPU.ActiveCfg = Debug|Any CPU
		{1FC0C34A-A4EE-4ED4-BD0A-BD596A7B2BAF}.Debug|Any CPU.Build.0 = Debug|Any CPU
		{1FC0C34A-A4EE-4ED4-BD0A-BD596A7B2BAF}.Release|Any CPU.ActiveCfg = Release|Any CPU
		{1FC0C34A-A4EE-4ED4-BD0A-BD596A7B2BAF}.Release|Any CPU.Build.0 = Release|Any CPU
		{93E40206-65EA-456C-AE27-35A01A2A9F6C}.Debug|Any CPU.ActiveCfg = Debug|Any CPU
		{93E40206-65EA-456C-AE27-35A01A2A9F6C}.Debug|Any CPU.Build.0 = Debug|Any CPU
		{93E40206-65EA-456C-AE27-35A01A2A9F6C}.Release|Any CPU.ActiveCfg = Release|Any CPU
		{93E40206-65EA-456C-AE27-35A01A2A9F6C}.Release|Any CPU.Build.0 = Release|Any CPU
	EndGlobalSection
	GlobalSection(SolutionProperties) = preSolution
		HideSolutionNode = FALSE
	EndGlobalSection
EndGlobal
